# This file is automatically @generated by Cargo.
# It is not intended for manual editing.
version = 3

[[package]]
name = "structural-cli"
version = "0.1.0"
dependencies = [
 "structural-contracts",
 "structural-report",
 "structural-runtime",
]

[[package]]
name = "structural-contracts"
version = "0.1.0"

[[package]]
name = "structural-ffi"
version = "0.1.0"
dependencies = [
 "structural-contracts",
 "structural-ffi-sys",
]

[[package]]
name = "structural-ffi-sys"
version = "0.1.0"

[[package]]
name = "structural-report"
version = "0.1.0"
dependencies = [
 "structural-contracts",
]

[[package]]
name = "structural-runtime"
version = "0.1.0"
dependencies = [
 "structural-contracts",
 "structural-ffi",
]
